<?xml version="1.0" encoding="utf-8"?>
<Project ToolsVersion="4.0" xmlns="http://schemas.microsoft.com/developer/msbuild/2003">
  <ItemGroup>
    <Filter Include="Source Files">
      <UniqueIdentifier>{4FC737F1-C7A5-4376-A066-2A32D752A2FF}</UniqueIdentifier>
      <Extensions>cpp;c;cc;cxx;def;odl;idl;hpj;bat;asm;asmx</Extensions>
    </Filter>
    <Filter Include="Header Files">
      <UniqueIdentifier>{93995380-89BD-4b04-88EB-625FBE52EBFB}</UniqueIdentifier>
      <Extensions>h;hpp;hxx;hm;inl;inc;xsd</Extensions>
    </Filter>
    <Filter Include="Resource Files">
      <UniqueIdentifier>{67DA6AB6-F800-4c08-8B7A-83BB121AAD01}</UniqueIdentifier>
      <Extensions>rc;ico;cur;bmp;dlg;rc2;rct;bin;rgs;gif;jpg;jpeg;jpe;resx;tiff;tif;png;wav;mfcribbon-ms</Extensions>
    </Filter>
    <Filter Include="LibGraph">
      <UniqueIdentifier>{0aee86da-ddd3-4e01-b7af-0571d337d926}</UniqueIdentifier>
    </Filter>
  </ItemGroup>
  <ItemGroup>
    <ClInclude Include="LibGraph\Exception.h">
      <Filter>LibGraph</Filter>
    </ClInclude>
    <ClInclude Include="LibGraph\LibGraph.h">
      <Filter>LibGraph</Filter>
    </ClInclude>
    <ClInclude Include="Defines.h">
      <Filter>Header Files</Filter>
    </ClInclude>
    <ClInclude Include="GraphBuilder.h">
      <Filter>Header Files</Filter>
    </ClInclude>
    <ClInclude Include="Filters.h">
      <Filter>Header Files</Filter>
    </ClInclude>
    <ClInclude Include="IOStructs.h">
      <Filter>Header Files</Filter>
    </ClInclude>
    <ClInclude Include="Defaults.h">
      <Filter>Header Files</Filter>
    </ClInclude>
    <ClInclude Include="BIONVideoPlayer.h">
      <Filter>Header Files</Filter>
    </ClInclude>
    <ClInclude Include="BIONVideoPlayerPvt.h">
      <Filter>Header Files</Filter>
    </ClInclude>
    <ClInclude Include="MediaTypes.h">
      <Filter>Header Files</Filter>
    </ClInclude>
    <ClInclude Include="CAWString.h">
      <Filter>Header Files</Filter>
    </ClInclude>
  </ItemGroup>
  <ItemGroup>
    <ClCompile Include="LibGraph\LibGraph.cpp">
      <Filter>LibGraph</Filter>
    </ClCompile>
    <ClCompile Include="MediaTypes.cpp">
      <Filter>Source Files</Filter>
    </ClCompile>
    <ClCompile Include="GraphBuilder.cpp">
      <Filter>Source Files</Filter>
    </ClCompile>
    <ClCompile Include="Filters.cpp">
      <Filter>Source Files</Filter>
    </ClCompile>
    <ClCompile Include="BIONVideoPlayer.cpp">
      <Filter>Source Files</Filter>
    </ClCompile>
  </ItemGroup>
</Project>